PODS:
  - Capacitor (8.4.1):
    - CapacitorCordova
  - CapacitorCordova (8.4.1)
  - CapacitorFilesystem (8.1.2):
    - Capacitor
    - IONFilesystemLib (~> 1.1.1)
  - CapacitorFileTransfer (2.0.4):
    - Capacitor
    - IONFileTransferLib (~> 1.0.2)
  - CapacitorPushNotifications (8.1.1):
    - Capacitor
  - CapacitorShare (8.0.1):
    - Capacitor
  - IONFilesystemLib (1.1.2)
  - IONFileTransferLib (1.0.3)

DEPENDENCIES:
  - "Capacitor (from `../../node_modules/@capacitor/ios`)"
  - "CapacitorCordova (from `../../node_modules/@capacitor/ios`)"
  - "CapacitorFilesystem (from `../../node_modules/@capacitor/filesystem`)"
  - "CapacitorFileTransfer (from `../../node_modules/@capacitor/file-transfer`)"
  - "CapacitorPushNotifications (from `../../node_modules/@capacitor/push-notifications`)"
  - "CapacitorShare (from `../../node_modules/@capacitor/share`)"

SPEC REPOS:
  trunk:
    - IONFilesystemLib
    - IONFileTransferLib

EXTERNAL SOURCES:
  Capacitor:
    :path: "../../node_modules/@capacitor/ios"
  CapacitorCordova:
    :path: "../../node_modules/@capacitor/ios"
  CapacitorFilesystem:
    :path: "../../node_modules/@capacitor/filesystem"
  CapacitorFileTransfer:
    :path: "../../node_modules/@capacitor/file-transfer"
  CapacitorPushNotifications:
    :path: "../../node_modules/@capacitor/push-notifications"
  CapacitorShare:
    :path: "../../node_modules/@capacitor/share"

SPEC CHECKSUMS:
  Capacitor: 35242afe195b1e53c58ca1b827d1b444c5e6602b
  CapacitorCordova: eebe6bcf807b1b06f3f48237650f96bbcd0eef09
  CapacitorFilesystem: 2db285a1ac6e475cc27cae2e1bea999000f9e2be
  CapacitorFileTransfer: 445b9dc69ea5a5e0e708e011a4848e63c471abee
  CapacitorPushNotifications: ec08d589c226a2c0db7c032ec1bf5b044ec85f8e
  CapacitorShare: 0c58305114538568059bfc07111f22dcb9cb2a82
  IONFilesystemLib: 21a63377696b2d8fab5632ecfb7d2ac67bddb68a
  IONFileTransferLib: addbbf50405c163dcd74a7b1bd8c6f9302342be2

PODFILE CHECKSUM: d6163222036162b65b88c241fa9c56cfaa170ff4

COCOAPODS: 1.16.2
